PODS:
  - ArgoAnimation (0.1.4):
    - ArgoAnimation/AnimationCPP (= 0.1.4)
  - ArgoAnimation/AnimationCPP (0.1.4)
  - ArgoKit (1.0.1):
    - ArgoKit/AnimationKit (= 1.0.1)
    - ArgoKit/Bind (= 1.0.1)
    - ArgoKit/Core (= 1.0.1)
    - Yoga
  - ArgoKit/AnimationKit (1.0.1):
    - ArgoAnimation
    - Yoga
  - ArgoKit/Bind (1.0.1):
    - Yoga
  - ArgoKit/Core (1.0.1):
    - Yoga
  - ArgoKitPreview (1.0.0):
    - ArgoKit
  - Yoga (1.14.0)

DEPENDENCIES:
  - ArgoAnimation (from `../../../MLNUI/MLN`)
  - ArgoKit (from `../`)
  - ArgoKitPreview (from `../`)

SPEC REPOS:
  trunk:
    - Yoga

EXTERNAL SOURCES:
  ArgoAnimation:
    :path: "../../../MLNUI/MLN"
  ArgoKit:
    :path: "../"
  ArgoKitPreview:
    :link_style: weak
    :path: "../"

SPEC CHECKSUMS:
  ArgoAnimation: 32556b44860b0526700577102246c1e0d76dc93f
  ArgoKit: 3315b9801a9aa2145cd7d57b571d531f394ef3fd
  ArgoKitPreview: c20a902a95bd3764af259e0087d9476d8a77b425
  Yoga: cff67a400f6b74dc38eb0bad4f156673d9aa980c

PODFILE CHECKSUM: 16dfafc0b91866e361ee6a184e711498257ab634

COCOAPODS: 1.10.0
